{
  "name": "file-00-sabri-membership-core-qa",
  "version": "1.2.38",
  "lockfileVersion": 3,
  "requires": true,
  "packages": {
    "": {
      "name": "file-00-sabri-membership-core-qa",
      "version": "1.2.38",
      "devDependencies": {
        "php-parser": "3.2.5"
      }
    },
    "node_modules/php-parser": {
      "version": "3.2.5",
      "resolved": "https://registry.npmjs.org/php-parser/-/php-parser-3.2.5.tgz",
      "integrity": "sha512-M1ZYlALFFnESbSdmRtTQrBFUHSriHgPhgqtTF/LCbZM4h7swR5PHtUceB2Kzby5CfqcsYwBn7OXTJ0+8Sajwkw==",
      "dev": true,
      "license": "BSD-3-Clause"
    }
  }
}
